// !$*UTF8*$!
{
	archiveVersion = 1;
	classes = {
	};
	objectVersion = 48;
	objects = {

/* Begin PBXBuildFile section */
		7B22C0A61FD012330055EE3D /* LocationRepo.cpp in Sources */ = {isa = PBXBuildFile; fileRef = 7B22C0A41FD012330055EE3D /* LocationRepo.cpp */; };
		7B97BCF21FCF368D00A24411 /* Location.cpp in Sources */ = {isa = PBXBuildFile; fileRef = 7B97BCF01FCF368D00A24411 /* Location.cpp */; };
		7B9A4AA51FD414F6000B73F6 /* PizzaAssembler.cpp in Sources */ = {isa = PBXBuildFile; fileRef = 7B9A4AA31FD414F6000B73F6 /* PizzaAssembler.cpp */; };
		7B9F681C1FCEFC06006C9167 /* ToppingRepo.cpp in Sources */ = {isa = PBXBuildFile; fileRef = 7B9F681A1FCEFC06006C9167 /* ToppingRepo.cpp */; };
		7B9F681F1FCF0079006C9167 /* PizzaRepo.cpp in Sources */ = {isa = PBXBuildFile; fileRef = 7B9F681D1FCF0079006C9167 /* PizzaRepo.cpp */; };
		7BC4854C1FD4415A00D2390D /* ConsoleMagic.cpp in Sources */ = {isa = PBXBuildFile; fileRef = 7BC4854A1FD4415A00D2390D /* ConsoleMagic.cpp */; };
		7BD557F61FD83D96005FBDE5 /* OrderService.cpp in Sources */ = {isa = PBXBuildFile; fileRef = 7BD557F41FD83D96005FBDE5 /* OrderService.cpp */; };
		7BD557F91FD8706F005FBDE5 /* MenuItem.cpp in Sources */ = {isa = PBXBuildFile; fileRef = 7BD557F71FD8706F005FBDE5 /* MenuItem.cpp */; };
		7BDA6A5E1FCDC2F200247376 /* main.cpp in Sources */ = {isa = PBXBuildFile; fileRef = 7BDA6A5D1FCDC2F200247376 /* main.cpp */; };
		7BECD2B21FCDCC1600A0384A /* Pizza.cpp in Sources */ = {isa = PBXBuildFile; fileRef = 7BECD2B01FCDCC1600A0384A /* Pizza.cpp */; };
		7BECD2B51FCDCE6400A0384A /* Topping.cpp in Sources */ = {isa = PBXBuildFile; fileRef = 7BECD2B31FCDCE6400A0384A /* Topping.cpp */; };
		7BECD2B81FCDCE8100A0384A /* Order.cpp in Sources */ = {isa = PBXBuildFile; fileRef = 7BECD2B61FCDCE8100A0384A /* Order.cpp */; };
		E974CD001FCF1EBF0005D0F9 /* SalesUI.cpp in Sources */ = {isa = PBXBuildFile; fileRef = E974CCFE1FCF1EBF0005D0F9 /* SalesUI.cpp */; };
		E974CD031FCF1EF50005D0F9 /* DeliveryUI.cpp in Sources */ = {isa = PBXBuildFile; fileRef = E974CD011FCF1EF50005D0F9 /* DeliveryUI.cpp */; };
		E974CD061FCF1F0D0005D0F9 /* PrepUI.cpp in Sources */ = {isa = PBXBuildFile; fileRef = E974CD041FCF1F0D0005D0F9 /* PrepUI.cpp */; };
		E974CD091FCF28520005D0F9 /* OrderRepo.cpp in Sources */ = {isa = PBXBuildFile; fileRef = E974CD071FCF28520005D0F9 /* OrderRepo.cpp */; };
		E974CD221FD087B40005D0F9 /* Side.cpp in Sources */ = {isa = PBXBuildFile; fileRef = E974CD201FD087B40005D0F9 /* Side.cpp */; };
		E974CD281FD097560005D0F9 /* Drink.cpp in Sources */ = {isa = PBXBuildFile; fileRef = E974CD261FD097560005D0F9 /* Drink.cpp */; };
		E974CD2B1FD09A110005D0F9 /* SideRepo.cpp in Sources */ = {isa = PBXBuildFile; fileRef = E974CD291FD09A110005D0F9 /* SideRepo.cpp */; };
		E974CD2E1FD0B2390005D0F9 /* DrinkRepo.cpp in Sources */ = {isa = PBXBuildFile; fileRef = E974CD2C1FD0B2390005D0F9 /* DrinkRepo.cpp */; };
		E974CD311FD193660005D0F9 /* SizeRepo.cpp in Sources */ = {isa = PBXBuildFile; fileRef = E974CD2F1FD193660005D0F9 /* SizeRepo.cpp */; };
		E974CD341FD194110005D0F9 /* Size.cpp in Sources */ = {isa = PBXBuildFile; fileRef = E974CD321FD194110005D0F9 /* Size.cpp */; };
		E974CD371FD1BC510005D0F9 /* Base.cpp in Sources */ = {isa = PBXBuildFile; fileRef = E974CD351FD1BC510005D0F9 /* Base.cpp */; };
		E974CD3A1FD1BC5D0005D0F9 /* BaseRepo.cpp in Sources */ = {isa = PBXBuildFile; fileRef = E974CD381FD1BC5D0005D0F9 /* BaseRepo.cpp */; };
		E9C456D21FCEF1D700A93407 /* AdminUI.cpp in Sources */ = {isa = PBXBuildFile; fileRef = E9C456D01FCEF1D700A93407 /* AdminUI.cpp */; };
		E9C456D51FCEF6BC00A93407 /* MainUI.cpp in Sources */ = {isa = PBXBuildFile; fileRef = E9C456D31FCEF6BC00A93407 /* MainUI.cpp */; };
/* End PBXBuildFile section */

/* Begin PBXCopyFilesBuildPhase section */
		7BDA6A581FCDC2F200247376 /* CopyFiles */ = {
			isa = PBXCopyFilesBuildPhase;
			buildActionMask = 2147483647;
			dstPath = /usr/share/man/man1/;
			dstSubfolderSpec = 0;
			files = (
			);
			runOnlyForDeploymentPostprocessing = 1;
		};
/* End PBXCopyFilesBuildPhase section */

/* Begin PBXFileReference section */
		7B22C0A41FD012330055EE3D /* LocationRepo.cpp */ = {isa = PBXFileReference; lastKnownFileType = sourcecode.cpp.cpp; path = LocationRepo.cpp; sourceTree = "<group>"; };
		7B22C0A51FD012330055EE3D /* LocationRepo.hpp */ = {isa = PBXFileReference; lastKnownFileType = sourcecode.cpp.h; path = LocationRepo.hpp; sourceTree = "<group>"; };
		7B2CCE1F1FCF0FB10076A5EB /* ToppingRepo.hpp */ = {isa = PBXFileReference; fileEncoding = 4; lastKnownFileType = sourcecode.cpp.h; path = ToppingRepo.hpp; sourceTree = "<group>"; };
		7B804D341FD875D60005EBA8 /* PizzaKerfi */ = {isa = PBXFileReference; lastKnownFileType = folder; path = PizzaKerfi; sourceTree = "<group>"; };
		7B92F5A01FD87788004FECE1 /* Global.hpp */ = {isa = PBXFileReference; lastKnownFileType = sourcecode.cpp.h; name = Global.hpp; path = PizzaKerfi/Global.hpp; sourceTree = "<group>"; };
		7B97BCF01FCF368D00A24411 /* Location.cpp */ = {isa = PBXFileReference; lastKnownFileType = sourcecode.cpp.cpp; path = Location.cpp; sourceTree = "<group>"; };
		7B97BCF11FCF368D00A24411 /* Location.hpp */ = {isa = PBXFileReference; lastKnownFileType = sourcecode.cpp.h; path = Location.hpp; sourceTree = "<group>"; };
		7B9A4AA31FD414F6000B73F6 /* PizzaAssembler.cpp */ = {isa = PBXFileReference; lastKnownFileType = sourcecode.cpp.cpp; path = PizzaAssembler.cpp; sourceTree = "<group>"; };
		7B9A4AA41FD414F6000B73F6 /* PizzaAssembler.hpp */ = {isa = PBXFileReference; lastKnownFileType = sourcecode.cpp.h; path = PizzaAssembler.hpp; sourceTree = "<group>"; };
		7B9F681A1FCEFC06006C9167 /* ToppingRepo.cpp */ = {isa = PBXFileReference; lastKnownFileType = sourcecode.cpp.cpp; path = ToppingRepo.cpp; sourceTree = "<group>"; };
		7B9F681D1FCF0079006C9167 /* PizzaRepo.cpp */ = {isa = PBXFileReference; lastKnownFileType = sourcecode.cpp.cpp; path = PizzaRepo.cpp; sourceTree = "<group>"; };
		7B9F681E1FCF0079006C9167 /* PizzaRepo.hpp */ = {isa = PBXFileReference; lastKnownFileType = sourcecode.cpp.h; path = PizzaRepo.hpp; sourceTree = "<group>"; };
		7BC4854A1FD4415A00D2390D /* ConsoleMagic.cpp */ = {isa = PBXFileReference; lastKnownFileType = sourcecode.cpp.cpp; path = ConsoleMagic.cpp; sourceTree = "<group>"; };
		7BC4854D1FD4425100D2390D /* ConsoleMagic.hpp */ = {isa = PBXFileReference; fileEncoding = 4; lastKnownFileType = sourcecode.cpp.h; path = ConsoleMagic.hpp; sourceTree = "<group>"; };
		7BD557F41FD83D96005FBDE5 /* OrderService.cpp */ = {isa = PBXFileReference; lastKnownFileType = sourcecode.cpp.cpp; path = OrderService.cpp; sourceTree = "<group>"; };
		7BD557F51FD83D96005FBDE5 /* OrderService.hpp */ = {isa = PBXFileReference; lastKnownFileType = sourcecode.cpp.h; path = OrderService.hpp; sourceTree = "<group>"; };
		7BD557F71FD8706F005FBDE5 /* MenuItem.cpp */ = {isa = PBXFileReference; lastKnownFileType = sourcecode.cpp.cpp; path = MenuItem.cpp; sourceTree = "<group>"; };
		7BD557F81FD8706F005FBDE5 /* MenuItem.hpp */ = {isa = PBXFileReference; lastKnownFileType = sourcecode.cpp.h; path = MenuItem.hpp; sourceTree = "<group>"; };
		7BDA6A5A1FCDC2F200247376 /* PizzaKerfi */ = {isa = PBXFileReference; explicitFileType = "compiled.mach-o.executable"; includeInIndex = 0; path = PizzaKerfi; sourceTree = BUILT_PRODUCTS_DIR; };
		7BDA6A5D1FCDC2F200247376 /* main.cpp */ = {isa = PBXFileReference; lastKnownFileType = sourcecode.cpp.cpp; path = main.cpp; sourceTree = "<group>"; };
		7BECD2B01FCDCC1600A0384A /* Pizza.cpp */ = {isa = PBXFileReference; lastKnownFileType = sourcecode.cpp.cpp; path = Pizza.cpp; sourceTree = "<group>"; };
		7BECD2B11FCDCC1600A0384A /* Pizza.hpp */ = {isa = PBXFileReference; lastKnownFileType = sourcecode.cpp.h; path = Pizza.hpp; sourceTree = "<group>"; };
		7BECD2B31FCDCE6400A0384A /* Topping.cpp */ = {isa = PBXFileReference; lastKnownFileType = sourcecode.cpp.cpp; path = Topping.cpp; sourceTree = "<group>"; };
		7BECD2B41FCDCE6400A0384A /* Topping.hpp */ = {isa = PBXFileReference; lastKnownFileType = sourcecode.cpp.h; path = Topping.hpp; sourceTree = "<group>"; };
		7BECD2B61FCDCE8100A0384A /* Order.cpp */ = {isa = PBXFileReference; lastKnownFileType = sourcecode.cpp.cpp; path = Order.cpp; sourceTree = "<group>"; };
		7BECD2B71FCDCE8100A0384A /* Order.hpp */ = {isa = PBXFileReference; lastKnownFileType = sourcecode.cpp.h; path = Order.hpp; sourceTree = "<group>"; };
		E974CCFE1FCF1EBF0005D0F9 /* SalesUI.cpp */ = {isa = PBXFileReference; lastKnownFileType = sourcecode.cpp.cpp; path = SalesUI.cpp; sourceTree = "<group>"; };
		E974CCFF1FCF1EBF0005D0F9 /* SalesUI.hpp */ = {isa = PBXFileReference; lastKnownFileType = sourcecode.cpp.h; path = SalesUI.hpp; sourceTree = "<group>"; };
		E974CD011FCF1EF50005D0F9 /* DeliveryUI.cpp */ = {isa = PBXFileReference; lastKnownFileType = sourcecode.cpp.cpp; path = DeliveryUI.cpp; sourceTree = "<group>"; };
		E974CD021FCF1EF50005D0F9 /* DeliveryUI.hpp */ = {isa = PBXFileReference; lastKnownFileType = sourcecode.cpp.h; path = DeliveryUI.hpp; sourceTree = "<group>"; };
		E974CD041FCF1F0D0005D0F9 /* PrepUI.cpp */ = {isa = PBXFileReference; lastKnownFileType = sourcecode.cpp.cpp; path = PrepUI.cpp; sourceTree = "<group>"; };
		E974CD051FCF1F0D0005D0F9 /* PrepUI.hpp */ = {isa = PBXFileReference; lastKnownFileType = sourcecode.cpp.h; path = PrepUI.hpp; sourceTree = "<group>"; };
		E974CD071FCF28520005D0F9 /* OrderRepo.cpp */ = {isa = PBXFileReference; lastKnownFileType = sourcecode.cpp.cpp; path = OrderRepo.cpp; sourceTree = "<group>"; };
		E974CD081FCF28520005D0F9 /* OrderRepo.hpp */ = {isa = PBXFileReference; lastKnownFileType = sourcecode.cpp.h; path = OrderRepo.hpp; sourceTree = "<group>"; };
		E974CD201FD087B40005D0F9 /* Side.cpp */ = {isa = PBXFileReference; lastKnownFileType = sourcecode.cpp.cpp; path = Side.cpp; sourceTree = "<group>"; };
		E974CD211FD087B40005D0F9 /* Side.hpp */ = {isa = PBXFileReference; lastKnownFileType = sourcecode.cpp.h; path = Side.hpp; sourceTree = "<group>"; };
		E974CD261FD097560005D0F9 /* Drink.cpp */ = {isa = PBXFileReference; lastKnownFileType = sourcecode.cpp.cpp; path = Drink.cpp; sourceTree = "<group>"; };
		E974CD271FD097560005D0F9 /* Drink.hpp */ = {isa = PBXFileReference; lastKnownFileType = sourcecode.cpp.h; path = Drink.hpp; sourceTree = "<group>"; };
		E974CD291FD09A110005D0F9 /* SideRepo.cpp */ = {isa = PBXFileReference; lastKnownFileType = sourcecode.cpp.cpp; path = SideRepo.cpp; sourceTree = "<group>"; };
		E974CD2A1FD09A110005D0F9 /* SideRepo.hpp */ = {isa = PBXFileReference; lastKnownFileType = sourcecode.cpp.h; path = SideRepo.hpp; sourceTree = "<group>"; };
		E974CD2C1FD0B2390005D0F9 /* DrinkRepo.cpp */ = {isa = PBXFileReference; lastKnownFileType = sourcecode.cpp.cpp; path = DrinkRepo.cpp; sourceTree = "<group>"; };
		E974CD2D1FD0B2390005D0F9 /* DrinkRepo.hpp */ = {isa = PBXFileReference; lastKnownFileType = sourcecode.cpp.h; path = DrinkRepo.hpp; sourceTree = "<group>"; };
		E974CD2F1FD193660005D0F9 /* SizeRepo.cpp */ = {isa = PBXFileReference; lastKnownFileType = sourcecode.cpp.cpp; path = SizeRepo.cpp; sourceTree = "<group>"; };
		E974CD301FD193660005D0F9 /* SizeRepo.hpp */ = {isa = PBXFileReference; lastKnownFileType = sourcecode.cpp.h; path = SizeRepo.hpp; sourceTree = "<group>"; };
		E974CD321FD194110005D0F9 /* Size.cpp */ = {isa = PBXFileReference; lastKnownFileType = sourcecode.cpp.cpp; path = Size.cpp; sourceTree = "<group>"; };
		E974CD331FD194110005D0F9 /* Size.hpp */ = {isa = PBXFileReference; lastKnownFileType = sourcecode.cpp.h; path = Size.hpp; sourceTree = "<group>"; };
		E974CD351FD1BC510005D0F9 /* Base.cpp */ = {isa = PBXFileReference; lastKnownFileType = sourcecode.cpp.cpp; path = Base.cpp; sourceTree = "<group>"; };
		E974CD361FD1BC510005D0F9 /* Base.hpp */ = {isa = PBXFileReference; lastKnownFileType = sourcecode.cpp.h; path = Base.hpp; sourceTree = "<group>"; };
		E974CD381FD1BC5D0005D0F9 /* BaseRepo.cpp */ = {isa = PBXFileReference; lastKnownFileType = sourcecode.cpp.cpp; path = BaseRepo.cpp; sourceTree = "<group>"; };
		E974CD391FD1BC5D0005D0F9 /* BaseRepo.hpp */ = {isa = PBXFileReference; lastKnownFileType = sourcecode.cpp.h; path = BaseRepo.hpp; sourceTree = "<group>"; };
		E9C456D01FCEF1D700A93407 /* AdminUI.cpp */ = {isa = PBXFileReference; lastKnownFileType = sourcecode.cpp.cpp; path = AdminUI.cpp; sourceTree = "<group>"; };
		E9C456D11FCEF1D700A93407 /* AdminUI.hpp */ = {isa = PBXFileReference; lastKnownFileType = sourcecode.cpp.h; path = AdminUI.hpp; sourceTree = "<group>"; };
		E9C456D31FCEF6BC00A93407 /* MainUI.cpp */ = {isa = PBXFileReference; lastKnownFileType = sourcecode.cpp.cpp; path = MainUI.cpp; sourceTree = "<group>"; };
		E9C456D41FCEF6BC00A93407 /* MainUI.hpp */ = {isa = PBXFileReference; lastKnownFileType = sourcecode.cpp.h; path = MainUI.hpp; sourceTree = "<group>"; };
/* End PBXFileReference section */

/* Begin PBXFrameworksBuildPhase section */
		7BDA6A571FCDC2F200247376 /* Frameworks */ = {
			isa = PBXFrameworksBuildPhase;
			buildActionMask = 2147483647;
			files = (
			);
			runOnlyForDeploymentPostprocessing = 0;
		};
/* End PBXFrameworksBuildPhase section */

/* Begin PBXGroup section */
		7BDA6A511FCDC2F200247376 = {
			isa = PBXGroup;
			children = (
				E9C456D11FCEF1D700A93407 /* AdminUI.hpp */,
				E974CD361FD1BC510005D0F9 /* Base.hpp */,
				E974CD391FD1BC5D0005D0F9 /* BaseRepo.hpp */,
				7BC4854D1FD4425100D2390D /* ConsoleMagic.hpp */,
				E974CD021FCF1EF50005D0F9 /* DeliveryUI.hpp */,
				E974CD271FD097560005D0F9 /* Drink.hpp */,
				E974CD2D1FD0B2390005D0F9 /* DrinkRepo.hpp */,
				7B92F5A01FD87788004FECE1 /* Global.hpp */,
				7B97BCF11FCF368D00A24411 /* Location.hpp */,
				7B22C0A51FD012330055EE3D /* LocationRepo.hpp */,
				E9C456D41FCEF6BC00A93407 /* MainUI.hpp */,
				7BD557F81FD8706F005FBDE5 /* MenuItem.hpp */,
				7BECD2B71FCDCE8100A0384A /* Order.hpp */,
				E974CD081FCF28520005D0F9 /* OrderRepo.hpp */,
				7BD557F51FD83D96005FBDE5 /* OrderService.hpp */,
				7BECD2B11FCDCC1600A0384A /* Pizza.hpp */,
				7B9A4AA41FD414F6000B73F6 /* PizzaAssembler.hpp */,
				7BDA6A5C1FCDC2F200247376 /* PizzaKerfi */,
				7B804D341FD875D60005EBA8 /* PizzaKerfi */,
				7B9F681E1FCF0079006C9167 /* PizzaRepo.hpp */,
				E974CD051FCF1F0D0005D0F9 /* PrepUI.hpp */,
				7BDA6A5B1FCDC2F200247376 /* Products */,
				E974CCFF1FCF1EBF0005D0F9 /* SalesUI.hpp */,
				E974CD211FD087B40005D0F9 /* Side.hpp */,
				E974CD2A1FD09A110005D0F9 /* SideRepo.hpp */,
				E974CD331FD194110005D0F9 /* Size.hpp */,
				E974CD301FD193660005D0F9 /* SizeRepo.hpp */,
				7BECD2B41FCDCE6400A0384A /* Topping.hpp */,
				7B2CCE1F1FCF0FB10076A5EB /* ToppingRepo.hpp */,
			);
			sourceTree = "<group>";
		};
		7BDA6A5B1FCDC2F200247376 /* Products */ = {
			isa = PBXGroup;
			children = (
				7BDA6A5A1FCDC2F200247376 /* PizzaKerfi */,
			);
			name = Products;
			sourceTree = "<group>";
		};
		7BDA6A5C1FCDC2F200247376 /* PizzaKerfi */ = {
			isa = PBXGroup;
			children = (
				7BDA6A5D1FCDC2F200247376 /* main.cpp */,
				E9C456D01FCEF1D700A93407 /* AdminUI.cpp */,
				E9C456D31FCEF6BC00A93407 /* MainUI.cpp */,
				E974CCFE1FCF1EBF0005D0F9 /* SalesUI.cpp */,
				E974CD041FCF1F0D0005D0F9 /* PrepUI.cpp */,
				E974CD011FCF1EF50005D0F9 /* DeliveryUI.cpp */,
				E974CD381FD1BC5D0005D0F9 /* BaseRepo.cpp */,
				E974CD071FCF28520005D0F9 /* OrderRepo.cpp */,
				E974CD2C1FD0B2390005D0F9 /* DrinkRepo.cpp */,
				7B9F681A1FCEFC06006C9167 /* ToppingRepo.cpp */,
				7B22C0A41FD012330055EE3D /* LocationRepo.cpp */,
				7BD557F41FD83D96005FBDE5 /* OrderService.cpp */,
				7B9F681D1FCF0079006C9167 /* PizzaRepo.cpp */,
				E974CD291FD09A110005D0F9 /* SideRepo.cpp */,
				E974CD2F1FD193660005D0F9 /* SizeRepo.cpp */,
				7B9A4AA31FD414F6000B73F6 /* PizzaAssembler.cpp */,
				7BECD2B31FCDCE6400A0384A /* Topping.cpp */,
				7B97BCF01FCF368D00A24411 /* Location.cpp */,
				7BD557F71FD8706F005FBDE5 /* MenuItem.cpp */,
				7BECD2B01FCDCC1600A0384A /* Pizza.cpp */,
				E974CD261FD097560005D0F9 /* Drink.cpp */,
				E974CD201FD087B40005D0F9 /* Side.cpp */,
				7BECD2B61FCDCE8100A0384A /* Order.cpp */,
				E974CD321FD194110005D0F9 /* Size.cpp */,
				E974CD351FD1BC510005D0F9 /* Base.cpp */,
				7BC4854A1FD4415A00D2390D /* ConsoleMagic.cpp */,
			);
			path = PizzaKerfi;
			sourceTree = "<group>";
		};
/* End PBXGroup section */

/* Begin PBXNativeTarget section */
		7BDA6A591FCDC2F200247376 /* PizzaKerfi */ = {
			isa = PBXNativeTarget;
			buildConfigurationList = 7BDA6A611FCDC2F200247376 /* Build configuration list for PBXNativeTarget "PizzaKerfi" */;
			buildPhases = (
				7BDA6A561FCDC2F200247376 /* Sources */,
				7BDA6A571FCDC2F200247376 /* Frameworks */,
				7BDA6A581FCDC2F200247376 /* CopyFiles */,
			);
			buildRules = (
			);
			dependencies = (
			);
			name = PizzaKerfi;
			productName = PizzaKerfi;
			productReference = 7BDA6A5A1FCDC2F200247376 /* PizzaKerfi */;
			productType = "com.apple.product-type.tool";
		};
/* End PBXNativeTarget section */

/* Begin PBXProject section */
		7BDA6A521FCDC2F200247376 /* Project object */ = {
			isa = PBXProject;
			attributes = {
				LastUpgradeCheck = 0910;
				ORGANIZATIONNAME = "Þórður Atlason";
				TargetAttributes = {
					7BDA6A591FCDC2F200247376 = {
						CreatedOnToolsVersion = 9.1;
						ProvisioningStyle = Automatic;
					};
				};
			};
			buildConfigurationList = 7BDA6A551FCDC2F200247376 /* Build configuration list for PBXProject "PizzaKerfi" */;
			compatibilityVersion = "Xcode 8.0";
			developmentRegion = en;
			hasScannedForEncodings = 0;
			knownRegions = (
				en,
			);
			mainGroup = 7BDA6A511FCDC2F200247376;
			productRefGroup = 7BDA6A5B1FCDC2F200247376 /* Products */;
			projectDirPath = "";
			projectRoot = "";
			targets = (
				7BDA6A591FCDC2F200247376 /* PizzaKerfi */,
			);
		};
/* End PBXProject section */

/* Begin PBXSourcesBuildPhase section */
		7BDA6A561FCDC2F200247376 /* Sources */ = {
			isa = PBXSourcesBuildPhase;
			buildActionMask = 2147483647;
			files = (
				E974CD281FD097560005D0F9 /* Drink.cpp in Sources */,
				E974CD091FCF28520005D0F9 /* OrderRepo.cpp in Sources */,
				E974CD061FCF1F0D0005D0F9 /* PrepUI.cpp in Sources */,
				E9C456D21FCEF1D700A93407 /* AdminUI.cpp in Sources */,
				E974CD341FD194110005D0F9 /* Size.cpp in Sources */,
				7BC4854C1FD4415A00D2390D /* ConsoleMagic.cpp in Sources */,
				7B9F681C1FCEFC06006C9167 /* ToppingRepo.cpp in Sources */,
				E974CD3A1FD1BC5D0005D0F9 /* BaseRepo.cpp in Sources */,
				E974CD371FD1BC510005D0F9 /* Base.cpp in Sources */,
				E974CD001FCF1EBF0005D0F9 /* SalesUI.cpp in Sources */,
				7B9F681F1FCF0079006C9167 /* PizzaRepo.cpp in Sources */,
				E974CD2B1FD09A110005D0F9 /* SideRepo.cpp in Sources */,
				E974CD311FD193660005D0F9 /* SizeRepo.cpp in Sources */,
				E974CD2E1FD0B2390005D0F9 /* DrinkRepo.cpp in Sources */,
				7B22C0A61FD012330055EE3D /* LocationRepo.cpp in Sources */,
				7BECD2B51FCDCE6400A0384A /* Topping.cpp in Sources */,
				7B97BCF21FCF368D00A24411 /* Location.cpp in Sources */,
				7BECD2B21FCDCC1600A0384A /* Pizza.cpp in Sources */,
				7BD557F61FD83D96005FBDE5 /* OrderService.cpp in Sources */,
				7BECD2B81FCDCE8100A0384A /* Order.cpp in Sources */,
				E9C456D51FCEF6BC00A93407 /* MainUI.cpp in Sources */,
				7BD557F91FD8706F005FBDE5 /* MenuItem.cpp in Sources */,
				7BDA6A5E1FCDC2F200247376 /* main.cpp in Sources */,
				E974CD221FD087B40005D0F9 /* Side.cpp in Sources */,
				7B9A4AA51FD414F6000B73F6 /* PizzaAssembler.cpp in Sources */,
				E974CD031FCF1EF50005D0F9 /* DeliveryUI.cpp in Sources */,
			);
			runOnlyForDeploymentPostprocessing = 0;
		};
/* End PBXSourcesBuildPhase section */

/* Begin XCBuildConfiguration section */
		7BDA6A5F1FCDC2F200247376 /* Debug */ = {
			isa = XCBuildConfiguration;
			buildSettings = {
				ALWAYS_SEARCH_USER_PATHS = NO;
				CLANG_ANALYZER_NONNULL = YES;
				CLANG_ANALYZER_NUMBER_OBJECT_CONVERSION = YES_AGGRESSIVE;
				CLANG_CXX_LANGUAGE_STANDARD = "gnu++14";
				CLANG_CXX_LIBRARY = "libc++";
				CLANG_ENABLE_MODULES = YES;
				CLANG_ENABLE_OBJC_ARC = YES;
				CLANG_WARN_BLOCK_CAPTURE_AUTORELEASING = YES;
				CLANG_WARN_BOOL_CONVERSION = YES;
				CLANG_WARN_COMMA = YES;
				CLANG_WARN_CONSTANT_CONVERSION = YES;
				CLANG_WARN_DIRECT_OBJC_ISA_USAGE = YES_ERROR;
				CLANG_WARN_DOCUMENTATION_COMMENTS = YES;
				CLANG_WARN_EMPTY_BODY = YES;
				CLANG_WARN_ENUM_CONVERSION = YES;
				CLANG_WARN_INFINITE_RECURSION = YES;
				CLANG_WARN_INT_CONVERSION = YES;
				CLANG_WARN_NON_LITERAL_NULL_CONVERSION = YES;
				CLANG_WARN_OBJC_LITERAL_CONVERSION = YES;
				CLANG_WARN_OBJC_ROOT_CLASS = YES_ERROR;
				CLANG_WARN_RANGE_LOOP_ANALYSIS = YES;
				CLANG_WARN_STRICT_PROTOTYPES = YES;
				CLANG_WARN_SUSPICIOUS_MOVE = YES;
				CLANG_WARN_UNGUARDED_AVAILABILITY = YES_AGGRESSIVE;
				CLANG_WARN_UNREACHABLE_CODE = YES;
				CLANG_WARN__DUPLICATE_METHOD_MATCH = YES;
				CODE_SIGN_IDENTITY = "-";
				COPY_PHASE_STRIP = NO;
				DEBUG_INFORMATION_FORMAT = dwarf;
				ENABLE_STRICT_OBJC_MSGSEND = YES;
				ENABLE_TESTABILITY = YES;
				GCC_C_LANGUAGE_STANDARD = gnu11;
				GCC_DYNAMIC_NO_PIC = NO;
				GCC_NO_COMMON_BLOCKS = YES;
				GCC_OPTIMIZATION_LEVEL = 0;
				GCC_PREPROCESSOR_DEFINITIONS = (
					"DEBUG=1",
					"$(inherited)",
				);
				GCC_WARN_64_TO_32_BIT_CONVERSION = YES;
				GCC_WARN_ABOUT_RETURN_TYPE = YES_ERROR;
				GCC_WARN_UNDECLARED_SELECTOR = YES;
				GCC_WARN_UNINITIALIZED_AUTOS = YES_AGGRESSIVE;
				GCC_WARN_UNUSED_FUNCTION = YES;
				GCC_WARN_UNUSED_VARIABLE = YES;
				MACOSX_DEPLOYMENT_TARGET = 10.13;
				MTL_ENABLE_DEBUG_INFO = YES;
				ONLY_ACTIVE_ARCH = YES;
				SDKROOT = macosx;
			};
			name = Debug;
		};
		7BDA6A601FCDC2F200247376 /* Release */ = {
			isa = XCBuildConfiguration;
			buildSettings = {
				ALWAYS_SEARCH_USER_PATHS = NO;
				CLANG_ANALYZER_NONNULL = YES;
				CLANG_ANALYZER_NUMBER_OBJECT_CONVERSION = YES_AGGRESSIVE;
				CLANG_CXX_LANGUAGE_STANDARD = "gnu++14";
				CLANG_CXX_LIBRARY = "libc++";
				CLANG_ENABLE_MODULES = YES;
				CLANG_ENABLE_OBJC_ARC = YES;
				CLANG_WARN_BLOCK_CAPTURE_AUTORELEASING = YES;
				CLANG_WARN_BOOL_CONVERSION = YES;
				CLANG_WARN_COMMA = YES;
				CLANG_WARN_CONSTANT_CONVERSION = YES;
				CLANG_WARN_DIRECT_OBJC_ISA_USAGE = YES_ERROR;
				CLANG_WARN_DOCUMENTATION_COMMENTS = YES;
				CLANG_WARN_EMPTY_BODY = YES;
				CLANG_WARN_ENUM_CONVERSION = YES;
				CLANG_WARN_INFINITE_RECURSION = YES;
				CLANG_WARN_INT_CONVERSION = YES;
				CLANG_WARN_NON_LITERAL_NULL_CONVERSION = YES;
				CLANG_WARN_OBJC_LITERAL_CONVERSION = YES;
				CLANG_WARN_OBJC_ROOT_CLASS = YES_ERROR;
				CLANG_WARN_RANGE_LOOP_ANALYSIS = YES;
				CLANG_WARN_STRICT_PROTOTYPES = YES;
				CLANG_WARN_SUSPICIOUS_MOVE = YES;
				CLANG_WARN_UNGUARDED_AVAILABILITY = YES_AGGRESSIVE;
				CLANG_WARN_UNREACHABLE_CODE = YES;
				CLANG_WARN__DUPLICATE_METHOD_MATCH = YES;
				CODE_SIGN_IDENTITY = "-";
				COPY_PHASE_STRIP = NO;
				DEBUG_INFORMATION_FORMAT = "dwarf-with-dsym";
				ENABLE_NS_ASSERTIONS = NO;
				ENABLE_STRICT_OBJC_MSGSEND = YES;
				GCC_C_LANGUAGE_STANDARD = gnu11;
				GCC_NO_COMMON_BLOCKS = YES;
				GCC_WARN_64_TO_32_BIT_CONVERSION = YES;
				GCC_WARN_ABOUT_RETURN_TYPE = YES_ERROR;
				GCC_WARN_UNDECLARED_SELECTOR = YES;
				GCC_WARN_UNINITIALIZED_AUTOS = YES_AGGRESSIVE;
				GCC_WARN_UNUSED_FUNCTION = YES;
				GCC_WARN_UNUSED_VARIABLE = YES;
				MACOSX_DEPLOYMENT_TARGET = 10.13;
				MTL_ENABLE_DEBUG_INFO = NO;
				SDKROOT = macosx;
			};
			name = Release;
		};
		7BDA6A621FCDC2F200247376 /* Debug */ = {
			isa = XCBuildConfiguration;
			buildSettings = {
				CODE_SIGN_STYLE = Automatic;
				PRODUCT_NAME = "$(TARGET_NAME)";
			};
			name = Debug;
		};
		7BDA6A631FCDC2F200247376 /* Release */ = {
			isa = XCBuildConfiguration;
			buildSettings = {
				CODE_SIGN_STYLE = Automatic;
				PRODUCT_NAME = "$(TARGET_NAME)";
			};
			name = Release;
		};
/* End XCBuildConfiguration section */

/* Begin XCConfigurationList section */
		7BDA6A551FCDC2F200247376 /* Build configuration list for PBXProject "PizzaKerfi" */ = {
			isa = XCConfigurationList;
			buildConfigurations = (
				7BDA6A5F1FCDC2F200247376 /* Debug */,
				7BDA6A601FCDC2F200247376 /* Release */,
			);
			defaultConfigurationIsVisible = 0;
			defaultConfigurationName = Release;
		};
		7BDA6A611FCDC2F200247376 /* Build configuration list for PBXNativeTarget "PizzaKerfi" */ = {
			isa = XCConfigurationList;
			buildConfigurations = (
				7BDA6A621FCDC2F200247376 /* Debug */,
				7BDA6A631FCDC2F200247376 /* Release */,
			);
			defaultConfigurationIsVisible = 0;
			defaultConfigurationName = Release;
		};
/* End XCConfigurationList section */
	};
	rootObject = 7BDA6A521FCDC2F200247376 /* Project object */;
}
